
Microsoft Visual Studio Solution File, Format Version 12.00
# Visual Studio 14
VisualStudioVersion = 14.0.25420.1
MinimumVisualStudioVersion = 10.0.40219.1
Project("{2150E333-8FDC-42A3-9474-1A3956D46DE8}") = "Exception Handling Application Block", "Exception Handling Application Block", "{BA30BD64-7E40-4022-8BF2-6E9822964491}"
	ProjectSection(FolderStartupServices) = postProject
		{B4F97281-0DBD-4835-9ED8-7DFB966E87FF} = {B4F97281-0DBD-4835-9ED8-7DFB966E87FF}
	EndProjectSection
EndProject
Project("{2150E333-8FDC-42A3-9474-1A3956D46DE8}") = "Policy Injection Application Block", "Policy Injection Application Block", "{5C581318-1C04-4232-9F94-4A43F75FB93F}"
	ProjectSection(FolderStartupServices) = postProject
		{B4F97281-0DBD-4835-9ED8-7DFB966E87FF} = {B4F97281-0DBD-4835-9ED8-7DFB966E87FF}
	EndProjectSection
EndProject
Project("{2150E333-8FDC-42A3-9474-1A3956D46DE8}") = "Solution Items", "Solution Items", "{8D9957D1-1802-4FC8-98EF-9B46FB64E79F}"
	ProjectSection(SolutionItems) = preProject
		.nuget\createPackages.bat = .nuget\createPackages.bat
		EntLibLight.publickey = EntLibLight.publickey
		generatePublicKey.bat = generatePublicKey.bat
		..\README.md = ..\README.md
		SemanticLogging\Src\SemanticLogging.Database\SemanticLogging.Database.nuspec = SemanticLogging\Src\SemanticLogging.Database\SemanticLogging.Database.nuspec
		SemanticLogging\Src\SemanticLogging.Etw.WindowsService\SemanticLogging.Etw.WindowsService.nuspec = SemanticLogging\Src\SemanticLogging.Etw.WindowsService\SemanticLogging.Etw.WindowsService.nuspec
		SemanticLogging\Src\SemanticLogging\SemanticLogging.nuspec = SemanticLogging\Src\SemanticLogging\SemanticLogging.nuspec
		SemanticLogging\Src\SemanticLogging.WindowsAzure\SemanticLogging.WindowsAzure.nuspec = SemanticLogging\Src\SemanticLogging.WindowsAzure\SemanticLogging.WindowsAzure.nuspec
	EndProjectSection
	ProjectSection(FolderStartupServices) = postProject
		{B4F97281-0DBD-4835-9ED8-7DFB966E87FF} = {B4F97281-0DBD-4835-9ED8-7DFB966E87FF}
	EndProjectSection
EndProject
Project("{2150E333-8FDC-42A3-9474-1A3956D46DE8}") = "Semantic Logging Application Block", "Semantic Logging Application Block", "{C764AAB6-7784-4D70-8114-AD6EC541729E}"
EndProject
Project("{FAE04EC0-301F-11D3-BF4B-00C04F79EFBC}") = "SemanticLogging", "SemanticLogging\Src\SemanticLogging\SemanticLogging.csproj", "{2CD4105B-0DD6-4C18-9B37-05D8E8F57303}"
EndProject
Project("{FAE04EC0-301F-11D3-BF4B-00C04F79EFBC}") = "SemanticLogging.Database", "SemanticLogging\Src\SemanticLogging.Database\SemanticLogging.Database.csproj", "{AC34C8E7-2A5B-412C-AFF7-CF7F52EE4569}"
EndProject
Project("{FAE04EC0-301F-11D3-BF4B-00C04F79EFBC}") = "SemanticLogging.Etw", "SemanticLogging\Src\SemanticLogging.Etw\SemanticLogging.Etw.csproj", "{8440AEA2-CD55-42A0-8724-2ECCE2B32374}"
EndProject
Project("{FAE04EC0-301F-11D3-BF4B-00C04F79EFBC}") = "SemanticLogging.Etw.WindowsService", "SemanticLogging\Src\SemanticLogging.Etw.WindowsService\SemanticLogging.Etw.WindowsService.csproj", "{0EBF89E7-D2B2-4968-BC17-0DA066029C46}"
EndProject
Project("{FAE04EC0-301F-11D3-BF4B-00C04F79EFBC}") = "SemanticLogging.WindowsAzure", "SemanticLogging\Src\SemanticLogging.WindowsAzure\SemanticLogging.WindowsAzure.csproj", "{D7979E9B-7978-48FE-B345-3C767A20F9A1}"
EndProject
Project("{2150E333-8FDC-42A3-9474-1A3956D46DE8}") = "UnitTests", "UnitTests", "{557F4B70-BFA9-4238-B18B-3E021635F266}"
EndProject
Project("{FAE04EC0-301F-11D3-BF4B-00C04F79EFBC}") = "SemanticLogging.Tests", "SemanticLogging\Tests\SemanticLogging.Tests\SemanticLogging.Tests.csproj", "{1735E7F3-65BA-4E29-B319-6C2CA03659D1}"
EndProject
Global
	GlobalSection(SolutionConfigurationPlatforms) = preSolution
		Debug|.NET = Debug|.NET
		Debug|Any CPU = Debug|Any CPU
		Debug|Mixed Platforms = Debug|Mixed Platforms
		Release|.NET = Release|.NET
		Release|Any CPU = Release|Any CPU
		Release|Mixed Platforms = Release|Mixed Platforms
	EndGlobalSection
	GlobalSection(ProjectConfigurationPlatforms) = postSolution
		{2CD4105B-0DD6-4C18-9B37-05D8E8F57303}.Debug|.NET.ActiveCfg = Debug|Any CPU
		{2CD4105B-0DD6-4C18-9B37-05D8E8F57303}.Debug|Any CPU.ActiveCfg = Debug|Any CPU
		{2CD4105B-0DD6-4C18-9B37-05D8E8F57303}.Debug|Any CPU.Build.0 = Debug|Any CPU
		{2CD4105B-0DD6-4C18-9B37-05D8E8F57303}.Debug|Mixed Platforms.ActiveCfg = Debug|Any CPU
		{2CD4105B-0DD6-4C18-9B37-05D8E8F57303}.Debug|Mixed Platforms.Build.0 = Debug|Any CPU
		{2CD4105B-0DD6-4C18-9B37-05D8E8F57303}.Release|.NET.ActiveCfg = Release|Any CPU
		{2CD4105B-0DD6-4C18-9B37-05D8E8F57303}.Release|Any CPU.ActiveCfg = Release|Any CPU
		{2CD4105B-0DD6-4C18-9B37-05D8E8F57303}.Release|Any CPU.Build.0 = Release|Any CPU
		{2CD4105B-0DD6-4C18-9B37-05D8E8F57303}.Release|Mixed Platforms.ActiveCfg = Release|Any CPU
		{2CD4105B-0DD6-4C18-9B37-05D8E8F57303}.Release|Mixed Platforms.Build.0 = Release|Any CPU
		{AC34C8E7-2A5B-412C-AFF7-CF7F52EE4569}.Debug|.NET.ActiveCfg = Debug|Any CPU
		{AC34C8E7-2A5B-412C-AFF7-CF7F52EE4569}.Debug|Any CPU.ActiveCfg = Debug|Any CPU
		{AC34C8E7-2A5B-412C-AFF7-CF7F52EE4569}.Debug|Any CPU.Build.0 = Debug|Any CPU
		{AC34C8E7-2A5B-412C-AFF7-CF7F52EE4569}.Debug|Mixed Platforms.ActiveCfg = Debug|Any CPU
		{AC34C8E7-2A5B-412C-AFF7-CF7F52EE4569}.Debug|Mixed Platforms.Build.0 = Debug|Any CPU
		{AC34C8E7-2A5B-412C-AFF7-CF7F52EE4569}.Release|.NET.ActiveCfg = Release|Any CPU
		{AC34C8E7-2A5B-412C-AFF7-CF7F52EE4569}.Release|Any CPU.ActiveCfg = Release|Any CPU
		{AC34C8E7-2A5B-412C-AFF7-CF7F52EE4569}.Release|Any CPU.Build.0 = Release|Any CPU
		{AC34C8E7-2A5B-412C-AFF7-CF7F52EE4569}.Release|Mixed Platforms.ActiveCfg = Release|Any CPU
		{AC34C8E7-2A5B-412C-AFF7-CF7F52EE4569}.Release|Mixed Platforms.Build.0 = Release|Any CPU
		{8440AEA2-CD55-42A0-8724-2ECCE2B32374}.Debug|.NET.ActiveCfg = Debug|Any CPU
		{8440AEA2-CD55-42A0-8724-2ECCE2B32374}.Debug|Any CPU.ActiveCfg = Debug|Any CPU
		{8440AEA2-CD55-42A0-8724-2ECCE2B32374}.Debug|Any CPU.Build.0 = Debug|Any CPU
		{8440AEA2-CD55-42A0-8724-2ECCE2B32374}.Debug|Mixed Platforms.ActiveCfg = Debug|Any CPU
		{8440AEA2-CD55-42A0-8724-2ECCE2B32374}.Debug|Mixed Platforms.Build.0 = Debug|Any CPU
		{8440AEA2-CD55-42A0-8724-2ECCE2B32374}.Release|.NET.ActiveCfg = Release|Any CPU
		{8440AEA2-CD55-42A0-8724-2ECCE2B32374}.Release|Any CPU.ActiveCfg = Release|Any CPU
		{8440AEA2-CD55-42A0-8724-2ECCE2B32374}.Release|Any CPU.Build.0 = Release|Any CPU
		{8440AEA2-CD55-42A0-8724-2ECCE2B32374}.Release|Mixed Platforms.ActiveCfg = Release|Any CPU
		{8440AEA2-CD55-42A0-8724-2ECCE2B32374}.Release|Mixed Platforms.Build.0 = Release|Any CPU
		{0EBF89E7-D2B2-4968-BC17-0DA066029C46}.Debug|.NET.ActiveCfg = Debug|Any CPU
		{0EBF89E7-D2B2-4968-BC17-0DA066029C46}.Debug|Any CPU.ActiveCfg = Debug|Any CPU
		{0EBF89E7-D2B2-4968-BC17-0DA066029C46}.Debug|Any CPU.Build.0 = Debug|Any CPU
		{0EBF89E7-D2B2-4968-BC17-0DA066029C46}.Debug|Mixed Platforms.ActiveCfg = Debug|Any CPU
		{0EBF89E7-D2B2-4968-BC17-0DA066029C46}.Debug|Mixed Platforms.Build.0 = Debug|Any CPU
		{0EBF89E7-D2B2-4968-BC17-0DA066029C46}.Release|.NET.ActiveCfg = Release|Any CPU
		{0EBF89E7-D2B2-4968-BC17-0DA066029C46}.Release|Any CPU.ActiveCfg = Release|Any CPU
		{0EBF89E7-D2B2-4968-BC17-0DA066029C46}.Release|Any CPU.Build.0 = Release|Any CPU
		{0EBF89E7-D2B2-4968-BC17-0DA066029C46}.Release|Mixed Platforms.ActiveCfg = Release|Any CPU
		{0EBF89E7-D2B2-4968-BC17-0DA066029C46}.Release|Mixed Platforms.Build.0 = Release|Any CPU
		{D7979E9B-7978-48FE-B345-3C767A20F9A1}.Debug|.NET.ActiveCfg = Debug|Any CPU
		{D7979E9B-7978-48FE-B345-3C767A20F9A1}.Debug|Any CPU.ActiveCfg = Debug|Any CPU
		{D7979E9B-7978-48FE-B345-3C767A20F9A1}.Debug|Any CPU.Build.0 = Debug|Any CPU
		{D7979E9B-7978-48FE-B345-3C767A20F9A1}.Debug|Mixed Platforms.ActiveCfg = Debug|Any CPU
		{D7979E9B-7978-48FE-B345-3C767A20F9A1}.Debug|Mixed Platforms.Build.0 = Debug|Any CPU
		{D7979E9B-7978-48FE-B345-3C767A20F9A1}.Release|.NET.ActiveCfg = Release|Any CPU
		{D7979E9B-7978-48FE-B345-3C767A20F9A1}.Release|Any CPU.ActiveCfg = Release|Any CPU
		{D7979E9B-7978-48FE-B345-3C767A20F9A1}.Release|Any CPU.Build.0 = Release|Any CPU
		{D7979E9B-7978-48FE-B345-3C767A20F9A1}.Release|Mixed Platforms.ActiveCfg = Release|Any CPU
		{D7979E9B-7978-48FE-B345-3C767A20F9A1}.Release|Mixed Platforms.Build.0 = Release|Any CPU
		{1735E7F3-65BA-4E29-B319-6C2CA03659D1}.Debug|.NET.ActiveCfg = Debug|Any CPU
		{1735E7F3-65BA-4E29-B319-6C2CA03659D1}.Debug|Any CPU.ActiveCfg = Debug|Any CPU
		{1735E7F3-65BA-4E29-B319-6C2CA03659D1}.Debug|Any CPU.Build.0 = Debug|Any CPU
		{1735E7F3-65BA-4E29-B319-6C2CA03659D1}.Debug|Mixed Platforms.ActiveCfg = Debug|Any CPU
		{1735E7F3-65BA-4E29-B319-6C2CA03659D1}.Debug|Mixed Platforms.Build.0 = Debug|Any CPU
		{1735E7F3-65BA-4E29-B319-6C2CA03659D1}.Release|.NET.ActiveCfg = Release|Any CPU
		{1735E7F3-65BA-4E29-B319-6C2CA03659D1}.Release|Any CPU.ActiveCfg = Release|Any CPU
		{1735E7F3-65BA-4E29-B319-6C2CA03659D1}.Release|Any CPU.Build.0 = Release|Any CPU
		{1735E7F3-65BA-4E29-B319-6C2CA03659D1}.Release|Mixed Platforms.ActiveCfg = Release|Any CPU
		{1735E7F3-65BA-4E29-B319-6C2CA03659D1}.Release|Mixed Platforms.Build.0 = Release|Any CPU
	EndGlobalSection
	GlobalSection(SolutionProperties) = preSolution
		HideSolutionNode = FALSE
	EndGlobalSection
	GlobalSection(NestedProjects) = preSolution
		{2CD4105B-0DD6-4C18-9B37-05D8E8F57303} = {C764AAB6-7784-4D70-8114-AD6EC541729E}
		{AC34C8E7-2A5B-412C-AFF7-CF7F52EE4569} = {C764AAB6-7784-4D70-8114-AD6EC541729E}
		{8440AEA2-CD55-42A0-8724-2ECCE2B32374} = {C764AAB6-7784-4D70-8114-AD6EC541729E}
		{0EBF89E7-D2B2-4968-BC17-0DA066029C46} = {C764AAB6-7784-4D70-8114-AD6EC541729E}
		{D7979E9B-7978-48FE-B345-3C767A20F9A1} = {C764AAB6-7784-4D70-8114-AD6EC541729E}
		{557F4B70-BFA9-4238-B18B-3E021635F266} = {C764AAB6-7784-4D70-8114-AD6EC541729E}
		{1735E7F3-65BA-4E29-B319-6C2CA03659D1} = {557F4B70-BFA9-4238-B18B-3E021635F266}
	EndGlobalSection
	GlobalSection(ExtensibilityGlobals) = postSolution
		EnterpriseLibraryConfigurationToolBinariesPathV6 = .nuget\..\packages\EnterpriseLibrary.TransientFaultHandling.6.0.1304.0\lib\portable-net45+win+wp8;.nuget\..\packages\EnterpriseLibrary.TransientFaultHandling.Data.6.0.1304.1\lib\NET45
	EndGlobalSection
	GlobalSection(TextTemplating) = postSolution
		TextTemplating = 1
	EndGlobalSection
EndGlobal
